// !$*UTF8*$!
{
	archiveVersion = 1;
	classes = {
	};
	objectVersion = 50;
	objects = {

/* Begin PBXBuildFile section */
		C315F48D25B3DA500053C402 /* note.png in Resources */ = {isa = PBXBuildFile; fileRef = C315F48B25B3DA500053C402 /* note.png */; };
		C315F48E25B3DA500053C402 /* rating5@2x.png in Resources */ = {isa = PBXBuildFile; fileRef = C315F48C25B3DA500053C402 /* rating5@2x.png */; };
		C315F49125B3DA630053C402 /* ImageViewController.swift in Sources */ = {isa = PBXBuildFile; fileRef = C315F49025B3DA630053C402 /* ImageViewController.swift */; };
		C315F49425B3FAD30053C402 /* ControlViewController.swift in Sources */ = {isa = PBXBuildFile; fileRef = C315F49325B3FAD30053C402 /* ControlViewController.swift */; };
		C315F49725B402190053C402 /* ListViewController.swift in Sources */ = {isa = PBXBuildFile; fileRef = C315F49625B402190053C402 /* ListViewController.swift */; };
		C389B72A25B333B8001D95C8 /* AppDelegate.swift in Sources */ = {isa = PBXBuildFile; fileRef = C389B72925B333B8001D95C8 /* AppDelegate.swift */; };
		C389B72C25B333B8001D95C8 /* SceneDelegate.swift in Sources */ = {isa = PBXBuildFile; fileRef = C389B72B25B333B8001D95C8 /* SceneDelegate.swift */; };
		C389B72E25B333B8001D95C8 /* ViewController.swift in Sources */ = {isa = PBXBuildFile; fileRef = C389B72D25B333B8001D95C8 /* ViewController.swift */; };
		C389B73125B333B8001D95C8 /* Main.storyboard in Resources */ = {isa = PBXBuildFile; fileRef = C389B72F25B333B8001D95C8 /* Main.storyboard */; };
		C389B73325B333B9001D95C8 /* Assets.xcassets in Resources */ = {isa = PBXBuildFile; fileRef = C389B73225B333B9001D95C8 /* Assets.xcassets */; };
		C389B73625B333B9001D95C8 /* LaunchScreen.storyboard in Resources */ = {isa = PBXBuildFile; fileRef = C389B73425B333B9001D95C8 /* LaunchScreen.storyboard */; };
		C389B74425B33C8F001D95C8 /* MapAlertViewController.swift in Sources */ = {isa = PBXBuildFile; fileRef = C389B74325B33C8F001D95C8 /* MapAlertViewController.swift */; };
		C389B74725B34B38001D95C8 /* MapKitViewController.swift in Sources */ = {isa = PBXBuildFile; fileRef = C389B74625B34B38001D95C8 /* MapKitViewController.swift */; };
/* End PBXBuildFile section */

/* Begin PBXFileReference section */
		C315F48B25B3DA500053C402 /* note.png */ = {isa = PBXFileReference; lastKnownFileType = image.png; path = note.png; sourceTree = "<group>"; };
		C315F48C25B3DA500053C402 /* rating5@2x.png */ = {isa = PBXFileReference; lastKnownFileType = image.png; path = "rating5@2x.png"; sourceTree = "<group>"; };
		C315F49025B3DA630053C402 /* ImageViewController.swift */ = {isa = PBXFileReference; lastKnownFileType = sourcecode.swift; path = ImageViewController.swift; sourceTree = "<group>"; };
		C315F49325B3FAD30053C402 /* ControlViewController.swift */ = {isa = PBXFileReference; lastKnownFileType = sourcecode.swift; path = ControlViewController.swift; sourceTree = "<group>"; };
		C315F49625B402190053C402 /* ListViewController.swift */ = {isa = PBXFileReference; lastKnownFileType = sourcecode.swift; path = ListViewController.swift; sourceTree = "<group>"; };
		C389B72625B333B8001D95C8 /* AlertCustom.app */ = {isa = PBXFileReference; explicitFileType = wrapper.application; includeInIndex = 0; path = AlertCustom.app; sourceTree = BUILT_PRODUCTS_DIR; };
		C389B72925B333B8001D95C8 /* AppDelegate.swift */ = {isa = PBXFileReference; lastKnownFileType = sourcecode.swift; path = AppDelegate.swift; sourceTree = "<group>"; };
		C389B72B25B333B8001D95C8 /* SceneDelegate.swift */ = {isa = PBXFileReference; lastKnownFileType = sourcecode.swift; path = SceneDelegate.swift; sourceTree = "<group>"; };
		C389B72D25B333B8001D95C8 /* ViewController.swift */ = {isa = PBXFileReference; lastKnownFileType = sourcecode.swift; path = ViewController.swift; sourceTree = "<group>"; };
		C389B73025B333B8001D95C8 /* Base */ = {isa = PBXFileReference; lastKnownFileType = file.storyboard; name = Base; path = Base.lproj/Main.storyboard; sourceTree = "<group>"; };
		C389B73225B333B9001D95C8 /* Assets.xcassets */ = {isa = PBXFileReference; lastKnownFileType = folder.assetcatalog; path = Assets.xcassets; sourceTree = "<group>"; };
		C389B73525B333B9001D95C8 /* Base */ = {isa = PBXFileReference; lastKnownFileType = file.storyboard; name = Base; path = Base.lproj/LaunchScreen.storyboard; sourceTree = "<group>"; };
		C389B73725B333B9001D95C8 /* Info.plist */ = {isa = PBXFileReference; lastKnownFileType = text.plist.xml; path = Info.plist; sourceTree = "<group>"; };
		C389B74325B33C8F001D95C8 /* MapAlertViewController.swift */ = {isa = PBXFileReference; lastKnownFileType = sourcecode.swift; path = MapAlertViewController.swift; sourceTree = "<group>"; };
		C389B74625B34B38001D95C8 /* MapKitViewController.swift */ = {isa = PBXFileReference; lastKnownFileType = sourcecode.swift; path = MapKitViewController.swift; sourceTree = "<group>"; };
/* End PBXFileReference section */

/* Begin PBXFrameworksBuildPhase section */
		C389B72325B333B8001D95C8 /* Frameworks */ = {
			isa = PBXFrameworksBuildPhase;
			buildActionMask = 2147483647;
			files = (
			);
			runOnlyForDeploymentPostprocessing = 0;
		};
/* End PBXFrameworksBuildPhase section */

/* Begin PBXGroup section */
		C315F48A25B3D9EB0053C402 /* Resources */ = {
			isa = PBXGroup;
			children = (
				C315F48B25B3DA500053C402 /* note.png */,
				C315F48C25B3DA500053C402 /* rating5@2x.png */,
			);
			path = Resources;
			sourceTree = "<group>";
		};
		C389B71D25B333B8001D95C8 = {
			isa = PBXGroup;
			children = (
				C315F48A25B3D9EB0053C402 /* Resources */,
				C389B72825B333B8001D95C8 /* AlertCustom */,
				C389B72725B333B8001D95C8 /* Products */,
			);
			sourceTree = "<group>";
		};
		C389B72725B333B8001D95C8 /* Products */ = {
			isa = PBXGroup;
			children = (
				C389B72625B333B8001D95C8 /* AlertCustom.app */,
			);
			name = Products;
			sourceTree = "<group>";
		};
		C389B72825B333B8001D95C8 /* AlertCustom */ = {
			isa = PBXGroup;
			children = (
				C389B72925B333B8001D95C8 /* AppDelegate.swift */,
				C389B72B25B333B8001D95C8 /* SceneDelegate.swift */,
				C389B72D25B333B8001D95C8 /* ViewController.swift */,
				C389B74325B33C8F001D95C8 /* MapAlertViewController.swift */,
				C315F49325B3FAD30053C402 /* ControlViewController.swift */,
				C315F49625B402190053C402 /* ListViewController.swift */,
				C389B74625B34B38001D95C8 /* MapKitViewController.swift */,
				C389B72F25B333B8001D95C8 /* Main.storyboard */,
				C389B73225B333B9001D95C8 /* Assets.xcassets */,
				C315F49025B3DA630053C402 /* ImageViewController.swift */,
				C389B73425B333B9001D95C8 /* LaunchScreen.storyboard */,
				C389B73725B333B9001D95C8 /* Info.plist */,
			);
			path = AlertCustom;
			sourceTree = "<group>";
		};
/* End PBXGroup section */

/* Begin PBXNativeTarget section */
		C389B72525B333B8001D95C8 /* AlertCustom */ = {
			isa = PBXNativeTarget;
			buildConfigurationList = C389B73A25B333B9001D95C8 /* Build configuration list for PBXNativeTarget "AlertCustom" */;
			buildPhases = (
				C389B72225B333B8001D95C8 /* Sources */,
				C389B72325B333B8001D95C8 /* Frameworks */,
				C389B72425B333B8001D95C8 /* Resources */,
			);
			buildRules = (
			);
			dependencies = (
			);
			name = AlertCustom;
			productName = AlertCustom;
			productReference = C389B72625B333B8001D95C8 /* AlertCustom.app */;
			productType = "com.apple.product-type.application";
		};
/* End PBXNativeTarget section */

/* Begin PBXProject section */
		C389B71E25B333B8001D95C8 /* Project object */ = {
			isa = PBXProject;
			attributes = {
				LastSwiftUpdateCheck = 1230;
				LastUpgradeCheck = 1230;
				TargetAttributes = {
					C389B72525B333B8001D95C8 = {
						CreatedOnToolsVersion = 12.3;
					};
				};
			};
			buildConfigurationList = C389B72125B333B8001D95C8 /* Build configuration list for PBXProject "AlertCustom" */;
			compatibilityVersion = "Xcode 9.3";
			developmentRegion = en;
			hasScannedForEncodings = 0;
			knownRegions = (
				en,
				Base,
			);
			mainGroup = C389B71D25B333B8001D95C8;
			productRefGroup = C389B72725B333B8001D95C8 /* Products */;
			projectDirPath = "";
			projectRoot = "";
			targets = (
				C389B72525B333B8001D95C8 /* AlertCustom */,
			);
		};
/* End PBXProject section */

/* Begin PBXResourcesBuildPhase section */
		C389B72425B333B8001D95C8 /* Resources */ = {
			isa = PBXResourcesBuildPhase;
			buildActionMask = 2147483647;
			files = (
				C315F48E25B3DA500053C402 /* rating5@2x.png in Resources */,
				C389B73625B333B9001D95C8 /* LaunchScreen.storyboard in Resources */,
				C315F48D25B3DA500053C402 /* note.png in Resources */,
				C389B73325B333B9001D95C8 /* Assets.xcassets in Resources */,
				C389B73125B333B8001D95C8 /* Main.storyboard in Resources */,
			);
			runOnlyForDeploymentPostprocessing = 0;
		};
/* End PBXResourcesBuildPhase section */

/* Begin PBXSourcesBuildPhase section */
		C389B72225B333B8001D95C8 /* Sources */ = {
			isa = PBXSourcesBuildPhase;
			buildActionMask = 2147483647;
			files = (
				C389B74425B33C8F001D95C8 /* MapAlertViewController.swift in Sources */,
				C389B74725B34B38001D95C8 /* MapKitViewController.swift in Sources */,
				C389B72E25B333B8001D95C8 /* ViewController.swift in Sources */,
				C389B72A25B333B8001D95C8 /* AppDelegate.swift in Sources */,
				C315F49125B3DA630053C402 /* ImageViewController.swift in Sources */,
				C389B72C25B333B8001D95C8 /* SceneDelegate.swift in Sources */,
				C315F49725B402190053C402 /* ListViewController.swift in Sources */,
				C315F49425B3FAD30053C402 /* ControlViewController.swift in Sources */,
			);
			runOnlyForDeploymentPostprocessing = 0;
		};
/* End PBXSourcesBuildPhase section */

/* Begin PBXVariantGroup section */
		C389B72F25B333B8001D95C8 /* Main.storyboard */ = {
			isa = PBXVariantGroup;
			children = (
				C389B73025B333B8001D95C8 /* Base */,
			);
			name = Main.storyboard;
			sourceTree = "<group>";
		};
		C389B73425B333B9001D95C8 /* LaunchScreen.storyboard */ = {
			isa = PBXVariantGroup;
			children = (
				C389B73525B333B9001D95C8 /* Base */,
			);
			name = LaunchScreen.storyboard;
			sourceTree = "<group>";
		};
/* End PBXVariantGroup section */

/* Begin XCBuildConfiguration section */
		C389B73825B333B9001D95C8 /* Debug */ = {
			isa = XCBuildConfiguration;
			buildSettings = {
				ALWAYS_SEARCH_USER_PATHS = NO;
				CLANG_ANALYZER_NONNULL = YES;
				CLANG_ANALYZER_NUMBER_OBJECT_CONVERSION = YES_AGGRESSIVE;
				CLANG_CXX_LANGUAGE_STANDARD = "gnu++14";
				CLANG_CXX_LIBRARY = "libc++";
				CLANG_ENABLE_MODULES = YES;
				CLANG_ENABLE_OBJC_ARC = YES;
				CLANG_ENABLE_OBJC_WEAK = YES;
				CLANG_WARN_BLOCK_CAPTURE_AUTORELEASING = YES;
				CLANG_WARN_BOOL_CONVERSION = YES;
				CLANG_WARN_COMMA = YES;
				CLANG_WARN_CONSTANT_CONVERSION = YES;
				CLANG_WARN_DEPRECATED_OBJC_IMPLEMENTATIONS = YES;
				CLANG_WARN_DIRECT_OBJC_ISA_USAGE = YES_ERROR;
				CLANG_WARN_DOCUMENTATION_COMMENTS = YES;
				CLANG_WARN_EMPTY_BODY = YES;
				CLANG_WARN_ENUM_CONVERSION = YES;
				CLANG_WARN_INFINITE_RECURSION = YES;
				CLANG_WARN_INT_CONVERSION = YES;
				CLANG_WARN_NON_LITERAL_NULL_CONVERSION = YES;
				CLANG_WARN_OBJC_IMPLICIT_RETAIN_SELF = YES;
				CLANG_WARN_OBJC_LITERAL_CONVERSION = YES;
				CLANG_WARN_OBJC_ROOT_CLASS = YES_ERROR;
				CLANG_WARN_QUOTED_INCLUDE_IN_FRAMEWORK_HEADER = YES;
				CLANG_WARN_RANGE_LOOP_ANALYSIS = YES;
				CLANG_WARN_STRICT_PROTOTYPES = YES;
				CLANG_WARN_SUSPICIOUS_MOVE = YES;
				CLANG_WARN_UNGUARDED_AVAILABILITY = YES_AGGRESSIVE;
				CLANG_WARN_UNREACHABLE_CODE = YES;
				CLANG_WARN__DUPLICATE_METHOD_MATCH = YES;
				COPY_PHASE_STRIP = NO;
				DEBUG_INFORMATION_FORMAT = dwarf;
				ENABLE_STRICT_OBJC_MSGSEND = YES;
				ENABLE_TESTABILITY = YES;
				GCC_C_LANGUAGE_STANDARD = gnu11;
				GCC_DYNAMIC_NO_PIC = NO;
				GCC_NO_COMMON_BLOCKS = YES;
				GCC_OPTIMIZATION_LEVEL = 0;
				GCC_PREPROCESSOR_DEFINITIONS = (
					"DEBUG=1",
					"$(inherited)",
				);
				GCC_WARN_64_TO_32_BIT_CONVERSION = YES;
				GCC_WARN_ABOUT_RETURN_TYPE = YES_ERROR;
				GCC_WARN_UNDECLARED_SELECTOR = YES;
				GCC_WARN_UNINITIALIZED_AUTOS = YES_AGGRESSIVE;
				GCC_WARN_UNUSED_FUNCTION = YES;
				GCC_WARN_UNUSED_VARIABLE = YES;
				IPHONEOS_DEPLOYMENT_TARGET = 14.3;
				MTL_ENABLE_DEBUG_INFO = INCLUDE_SOURCE;
				MTL_FAST_MATH = YES;
				ONLY_ACTIVE_ARCH = YES;
				SDKROOT = iphoneos;
				SWIFT_ACTIVE_COMPILATION_CONDITIONS = DEBUG;
				SWIFT_OPTIMIZATION_LEVEL = "-Onone";
			};
			name = Debug;
		};
		C389B73925B333B9001D95C8 /* Release */ = {
			isa = XCBuildConfiguration;
			buildSettings = {
				ALWAYS_SEARCH_USER_PATHS = NO;
				CLANG_ANALYZER_NONNULL = YES;
				CLANG_ANALYZER_NUMBER_OBJECT_CONVERSION = YES_AGGRESSIVE;
				CLANG_CXX_LANGUAGE_STANDARD = "gnu++14";
				CLANG_CXX_LIBRARY = "libc++";
				CLANG_ENABLE_MODULES = YES;
				CLANG_ENABLE_OBJC_ARC = YES;
				CLANG_ENABLE_OBJC_WEAK = YES;
				CLANG_WARN_BLOCK_CAPTURE_AUTORELEASING = YES;
				CLANG_WARN_BOOL_CONVERSION = YES;
				CLANG_WARN_COMMA = YES;
				CLANG_WARN_CONSTANT_CONVERSION = YES;
				CLANG_WARN_DEPRECATED_OBJC_IMPLEMENTATIONS = YES;
				CLANG_WARN_DIRECT_OBJC_ISA_USAGE = YES_ERROR;
				CLANG_WARN_DOCUMENTATION_COMMENTS = YES;
				CLANG_WARN_EMPTY_BODY = YES;
				CLANG_WARN_ENUM_CONVERSION = YES;
				CLANG_WARN_INFINITE_RECURSION = YES;
				CLANG_WARN_INT_CONVERSION = YES;
				CLANG_WARN_NON_LITERAL_NULL_CONVERSION = YES;
				CLANG_WARN_OBJC_IMPLICIT_RETAIN_SELF = YES;
				CLANG_WARN_OBJC_LITERAL_CONVERSION = YES;
				CLANG_WARN_OBJC_ROOT_CLASS = YES_ERROR;
				CLANG_WARN_QUOTED_INCLUDE_IN_FRAMEWORK_HEADER = YES;
				CLANG_WARN_RANGE_LOOP_ANALYSIS = YES;
				CLANG_WARN_STRICT_PROTOTYPES = YES;
				CLANG_WARN_SUSPICIOUS_MOVE = YES;
				CLANG_WARN_UNGUARDED_AVAILABILITY = YES_AGGRESSIVE;
				CLANG_WARN_UNREACHABLE_CODE = YES;
				CLANG_WARN__DUPLICATE_METHOD_MATCH = YES;
				COPY_PHASE_STRIP = NO;
				DEBUG_INFORMATION_FORMAT = "dwarf-with-dsym";
				ENABLE_NS_ASSERTIONS = NO;
				ENABLE_STRICT_OBJC_MSGSEND = YES;
				GCC_C_LANGUAGE_STANDARD = gnu11;
				GCC_NO_COMMON_BLOCKS = YES;
				GCC_WARN_64_TO_32_BIT_CONVERSION = YES;
				GCC_WARN_ABOUT_RETURN_TYPE = YES_ERROR;
				GCC_WARN_UNDECLARED_SELECTOR = YES;
				GCC_WARN_UNINITIALIZED_AUTOS = YES_AGGRESSIVE;
				GCC_WARN_UNUSED_FUNCTION = YES;
				GCC_WARN_UNUSED_VARIABLE = YES;
				IPHONEOS_DEPLOYMENT_TARGET = 14.3;
				MTL_ENABLE_DEBUG_INFO = NO;
				MTL_FAST_MATH = YES;
				SDKROOT = iphoneos;
				SWIFT_COMPILATION_MODE = wholemodule;
				SWIFT_OPTIMIZATION_LEVEL = "-O";
				VALIDATE_PRODUCT = YES;
			};
			name = Release;
		};
		C389B73B25B333B9001D95C8 /* Debug */ = {
			isa = XCBuildConfiguration;
			buildSettings = {
				ASSETCATALOG_COMPILER_APPICON_NAME = AppIcon;
				ASSETCATALOG_COMPILER_GLOBAL_ACCENT_COLOR_NAME = AccentColor;
				CODE_SIGN_STYLE = Automatic;
				INFOPLIST_FILE = AlertCustom/Info.plist;
				LD_RUNPATH_SEARCH_PATHS = (
					"$(inherited)",
					"@executable_path/Frameworks",
				);
				PRODUCT_BUNDLE_IDENTIFIER = young.AlertCustom;
				PRODUCT_NAME = "$(TARGET_NAME)";
				SWIFT_VERSION = 5.0;
				TARGETED_DEVICE_FAMILY = "1,2";
			};
			name = Debug;
		};
		C389B73C25B333B9001D95C8 /* Release */ = {
			isa = XCBuildConfiguration;
			buildSettings = {
				ASSETCATALOG_COMPILER_APPICON_NAME = AppIcon;
				ASSETCATALOG_COMPILER_GLOBAL_ACCENT_COLOR_NAME = AccentColor;
				CODE_SIGN_STYLE = Automatic;
				INFOPLIST_FILE = AlertCustom/Info.plist;
				LD_RUNPATH_SEARCH_PATHS = (
					"$(inherited)",
					"@executable_path/Frameworks",
				);
				PRODUCT_BUNDLE_IDENTIFIER = young.AlertCustom;
				PRODUCT_NAME = "$(TARGET_NAME)";
				SWIFT_VERSION = 5.0;
				TARGETED_DEVICE_FAMILY = "1,2";
			};
			name = Release;
		};
/* End XCBuildConfiguration section */

/* Begin XCConfigurationList section */
		C389B72125B333B8001D95C8 /* Build configuration list for PBXProject "AlertCustom" */ = {
			isa = XCConfigurationList;
			buildConfigurations = (
				C389B73825B333B9001D95C8 /* Debug */,
				C389B73925B333B9001D95C8 /* Release */,
			);
			defaultConfigurationIsVisible = 0;
			defaultConfigurationName = Release;
		};
		C389B73A25B333B9001D95C8 /* Build configuration list for PBXNativeTarget "AlertCustom" */ = {
			isa = XCConfigurationList;
			buildConfigurations = (
				C389B73B25B333B9001D95C8 /* Debug */,
				C389B73C25B333B9001D95C8 /* Release */,
			);
			defaultConfigurationIsVisible = 0;
			defaultConfigurationName = Release;
		};
/* End XCConfigurationList section */
	};
	rootObject = C389B71E25B333B8001D95C8 /* Project object */;
}
