// !$*UTF8*$!
{
	archiveVersion = 1;
	classes = {
	};
	objectVersion = 50;
	objects = {

/* Begin PBXBuildFile section */
		C359CC1925B50E0200EF7DAF /* AppDelegate.swift in Sources */ = {isa = PBXBuildFile; fileRef = C359CC1825B50E0200EF7DAF /* AppDelegate.swift */; };
		C359CC1B25B50E0200EF7DAF /* SceneDelegate.swift in Sources */ = {isa = PBXBuildFile; fileRef = C359CC1A25B50E0200EF7DAF /* SceneDelegate.swift */; };
		C359CC1D25B50E0200EF7DAF /* ViewController.swift in Sources */ = {isa = PBXBuildFile; fileRef = C359CC1C25B50E0200EF7DAF /* ViewController.swift */; };
		C359CC2025B50E0200EF7DAF /* Main.storyboard in Resources */ = {isa = PBXBuildFile; fileRef = C359CC1E25B50E0200EF7DAF /* Main.storyboard */; };
		C359CC2225B50E0300EF7DAF /* Assets.xcassets in Resources */ = {isa = PBXBuildFile; fileRef = C359CC2125B50E0300EF7DAF /* Assets.xcassets */; };
		C359CC2525B50E0300EF7DAF /* LaunchScreen.storyboard in Resources */ = {isa = PBXBuildFile; fileRef = C359CC2325B50E0300EF7DAF /* LaunchScreen.storyboard */; };
		C359CC2E25B50EDC00EF7DAF /* CSTabBarController.swift in Sources */ = {isa = PBXBuildFile; fileRef = C359CC2D25B50EDC00EF7DAF /* CSTabBarController.swift */; };
/* End PBXBuildFile section */

/* Begin PBXFileReference section */
		C359CC1525B50E0200EF7DAF /* CSTabBar.app */ = {isa = PBXFileReference; explicitFileType = wrapper.application; includeInIndex = 0; path = CSTabBar.app; sourceTree = BUILT_PRODUCTS_DIR; };
		C359CC1825B50E0200EF7DAF /* AppDelegate.swift */ = {isa = PBXFileReference; lastKnownFileType = sourcecode.swift; path = AppDelegate.swift; sourceTree = "<group>"; };
		C359CC1A25B50E0200EF7DAF /* SceneDelegate.swift */ = {isa = PBXFileReference; lastKnownFileType = sourcecode.swift; path = SceneDelegate.swift; sourceTree = "<group>"; };
		C359CC1C25B50E0200EF7DAF /* ViewController.swift */ = {isa = PBXFileReference; lastKnownFileType = sourcecode.swift; path = ViewController.swift; sourceTree = "<group>"; };
		C359CC1F25B50E0200EF7DAF /* Base */ = {isa = PBXFileReference; lastKnownFileType = file.storyboard; name = Base; path = Base.lproj/Main.storyboard; sourceTree = "<group>"; };
		C359CC2125B50E0300EF7DAF /* Assets.xcassets */ = {isa = PBXFileReference; lastKnownFileType = folder.assetcatalog; path = Assets.xcassets; sourceTree = "<group>"; };
		C359CC2425B50E0300EF7DAF /* Base */ = {isa = PBXFileReference; lastKnownFileType = file.storyboard; name = Base; path = Base.lproj/LaunchScreen.storyboard; sourceTree = "<group>"; };
		C359CC2625B50E0300EF7DAF /* Info.plist */ = {isa = PBXFileReference; lastKnownFileType = text.plist.xml; path = Info.plist; sourceTree = "<group>"; };
		C359CC2D25B50EDC00EF7DAF /* CSTabBarController.swift */ = {isa = PBXFileReference; lastKnownFileType = sourcecode.swift; path = CSTabBarController.swift; sourceTree = "<group>"; };
/* End PBXFileReference section */

/* Begin PBXFrameworksBuildPhase section */
		C359CC1225B50E0200EF7DAF /* Frameworks */ = {
			isa = PBXFrameworksBuildPhase;
			buildActionMask = 2147483647;
			files = (
			);
			runOnlyForDeploymentPostprocessing = 0;
		};
/* End PBXFrameworksBuildPhase section */

/* Begin PBXGroup section */
		C359CC0C25B50E0200EF7DAF = {
			isa = PBXGroup;
			children = (
				C359CC1725B50E0200EF7DAF /* CSTabBar */,
				C359CC1625B50E0200EF7DAF /* Products */,
			);
			sourceTree = "<group>";
		};
		C359CC1625B50E0200EF7DAF /* Products */ = {
			isa = PBXGroup;
			children = (
				C359CC1525B50E0200EF7DAF /* CSTabBar.app */,
			);
			name = Products;
			sourceTree = "<group>";
		};
		C359CC1725B50E0200EF7DAF /* CSTabBar */ = {
			isa = PBXGroup;
			children = (
				C359CC1825B50E0200EF7DAF /* AppDelegate.swift */,
				C359CC1A25B50E0200EF7DAF /* SceneDelegate.swift */,
				C359CC1C25B50E0200EF7DAF /* ViewController.swift */,
				C359CC1E25B50E0200EF7DAF /* Main.storyboard */,
				C359CC2D25B50EDC00EF7DAF /* CSTabBarController.swift */,
				C359CC2125B50E0300EF7DAF /* Assets.xcassets */,
				C359CC2325B50E0300EF7DAF /* LaunchScreen.storyboard */,
				C359CC2625B50E0300EF7DAF /* Info.plist */,
			);
			path = CSTabBar;
			sourceTree = "<group>";
		};
/* End PBXGroup section */

/* Begin PBXNativeTarget section */
		C359CC1425B50E0200EF7DAF /* CSTabBar */ = {
			isa = PBXNativeTarget;
			buildConfigurationList = C359CC2925B50E0300EF7DAF /* Build configuration list for PBXNativeTarget "CSTabBar" */;
			buildPhases = (
				C359CC1125B50E0200EF7DAF /* Sources */,
				C359CC1225B50E0200EF7DAF /* Frameworks */,
				C359CC1325B50E0200EF7DAF /* Resources */,
			);
			buildRules = (
			);
			dependencies = (
			);
			name = CSTabBar;
			productName = CSTabBar;
			productReference = C359CC1525B50E0200EF7DAF /* CSTabBar.app */;
			productType = "com.apple.product-type.application";
		};
/* End PBXNativeTarget section */

/* Begin PBXProject section */
		C359CC0D25B50E0200EF7DAF /* Project object */ = {
			isa = PBXProject;
			attributes = {
				LastSwiftUpdateCheck = 1230;
				LastUpgradeCheck = 1230;
				TargetAttributes = {
					C359CC1425B50E0200EF7DAF = {
						CreatedOnToolsVersion = 12.3;
					};
				};
			};
			buildConfigurationList = C359CC1025B50E0200EF7DAF /* Build configuration list for PBXProject "CSTabBar" */;
			compatibilityVersion = "Xcode 9.3";
			developmentRegion = en;
			hasScannedForEncodings = 0;
			knownRegions = (
				en,
				Base,
			);
			mainGroup = C359CC0C25B50E0200EF7DAF;
			productRefGroup = C359CC1625B50E0200EF7DAF /* Products */;
			projectDirPath = "";
			projectRoot = "";
			targets = (
				C359CC1425B50E0200EF7DAF /* CSTabBar */,
			);
		};
/* End PBXProject section */

/* Begin PBXResourcesBuildPhase section */
		C359CC1325B50E0200EF7DAF /* Resources */ = {
			isa = PBXResourcesBuildPhase;
			buildActionMask = 2147483647;
			files = (
				C359CC2525B50E0300EF7DAF /* LaunchScreen.storyboard in Resources */,
				C359CC2225B50E0300EF7DAF /* Assets.xcassets in Resources */,
				C359CC2025B50E0200EF7DAF /* Main.storyboard in Resources */,
			);
			runOnlyForDeploymentPostprocessing = 0;
		};
/* End PBXResourcesBuildPhase section */

/* Begin PBXSourcesBuildPhase section */
		C359CC1125B50E0200EF7DAF /* Sources */ = {
			isa = PBXSourcesBuildPhase;
			buildActionMask = 2147483647;
			files = (
				C359CC1D25B50E0200EF7DAF /* ViewController.swift in Sources */,
				C359CC2E25B50EDC00EF7DAF /* CSTabBarController.swift in Sources */,
				C359CC1925B50E0200EF7DAF /* AppDelegate.swift in Sources */,
				C359CC1B25B50E0200EF7DAF /* SceneDelegate.swift in Sources */,
			);
			runOnlyForDeploymentPostprocessing = 0;
		};
/* End PBXSourcesBuildPhase section */

/* Begin PBXVariantGroup section */
		C359CC1E25B50E0200EF7DAF /* Main.storyboard */ = {
			isa = PBXVariantGroup;
			children = (
				C359CC1F25B50E0200EF7DAF /* Base */,
			);
			name = Main.storyboard;
			sourceTree = "<group>";
		};
		C359CC2325B50E0300EF7DAF /* LaunchScreen.storyboard */ = {
			isa = PBXVariantGroup;
			children = (
				C359CC2425B50E0300EF7DAF /* Base */,
			);
			name = LaunchScreen.storyboard;
			sourceTree = "<group>";
		};
/* End PBXVariantGroup section */

/* Begin XCBuildConfiguration section */
		C359CC2725B50E0300EF7DAF /* Debug */ = {
			isa = XCBuildConfiguration;
			buildSettings = {
				ALWAYS_SEARCH_USER_PATHS = NO;
				CLANG_ANALYZER_NONNULL = YES;
				CLANG_ANALYZER_NUMBER_OBJECT_CONVERSION = YES_AGGRESSIVE;
				CLANG_CXX_LANGUAGE_STANDARD = "gnu++14";
				CLANG_CXX_LIBRARY = "libc++";
				CLANG_ENABLE_MODULES = YES;
				CLANG_ENABLE_OBJC_ARC = YES;
				CLANG_ENABLE_OBJC_WEAK = YES;
				CLANG_WARN_BLOCK_CAPTURE_AUTORELEASING = YES;
				CLANG_WARN_BOOL_CONVERSION = YES;
				CLANG_WARN_COMMA = YES;
				CLANG_WARN_CONSTANT_CONVERSION = YES;
				CLANG_WARN_DEPRECATED_OBJC_IMPLEMENTATIONS = YES;
				CLANG_WARN_DIRECT_OBJC_ISA_USAGE = YES_ERROR;
				CLANG_WARN_DOCUMENTATION_COMMENTS = YES;
				CLANG_WARN_EMPTY_BODY = YES;
				CLANG_WARN_ENUM_CONVERSION = YES;
				CLANG_WARN_INFINITE_RECURSION = YES;
				CLANG_WARN_INT_CONVERSION = YES;
				CLANG_WARN_NON_LITERAL_NULL_CONVERSION = YES;
				CLANG_WARN_OBJC_IMPLICIT_RETAIN_SELF = YES;
				CLANG_WARN_OBJC_LITERAL_CONVERSION = YES;
				CLANG_WARN_OBJC_ROOT_CLASS = YES_ERROR;
				CLANG_WARN_QUOTED_INCLUDE_IN_FRAMEWORK_HEADER = YES;
				CLANG_WARN_RANGE_LOOP_ANALYSIS = YES;
				CLANG_WARN_STRICT_PROTOTYPES = YES;
				CLANG_WARN_SUSPICIOUS_MOVE = YES;
				CLANG_WARN_UNGUARDED_AVAILABILITY = YES_AGGRESSIVE;
				CLANG_WARN_UNREACHABLE_CODE = YES;
				CLANG_WARN__DUPLICATE_METHOD_MATCH = YES;
				COPY_PHASE_STRIP = NO;
				DEBUG_INFORMATION_FORMAT = dwarf;
				ENABLE_STRICT_OBJC_MSGSEND = YES;
				ENABLE_TESTABILITY = YES;
				GCC_C_LANGUAGE_STANDARD = gnu11;
				GCC_DYNAMIC_NO_PIC = NO;
				GCC_NO_COMMON_BLOCKS = YES;
				GCC_OPTIMIZATION_LEVEL = 0;
				GCC_PREPROCESSOR_DEFINITIONS = (
					"DEBUG=1",
					"$(inherited)",
				);
				GCC_WARN_64_TO_32_BIT_CONVERSION = YES;
				GCC_WARN_ABOUT_RETURN_TYPE = YES_ERROR;
				GCC_WARN_UNDECLARED_SELECTOR = YES;
				GCC_WARN_UNINITIALIZED_AUTOS = YES_AGGRESSIVE;
				GCC_WARN_UNUSED_FUNCTION = YES;
				GCC_WARN_UNUSED_VARIABLE = YES;
				IPHONEOS_DEPLOYMENT_TARGET = 14.3;
				MTL_ENABLE_DEBUG_INFO = INCLUDE_SOURCE;
				MTL_FAST_MATH = YES;
				ONLY_ACTIVE_ARCH = YES;
				SDKROOT = iphoneos;
				SWIFT_ACTIVE_COMPILATION_CONDITIONS = DEBUG;
				SWIFT_OPTIMIZATION_LEVEL = "-Onone";
			};
			name = Debug;
		};
		C359CC2825B50E0300EF7DAF /* Release */ = {
			isa = XCBuildConfiguration;
			buildSettings = {
				ALWAYS_SEARCH_USER_PATHS = NO;
				CLANG_ANALYZER_NONNULL = YES;
				CLANG_ANALYZER_NUMBER_OBJECT_CONVERSION = YES_AGGRESSIVE;
				CLANG_CXX_LANGUAGE_STANDARD = "gnu++14";
				CLANG_CXX_LIBRARY = "libc++";
				CLANG_ENABLE_MODULES = YES;
				CLANG_ENABLE_OBJC_ARC = YES;
				CLANG_ENABLE_OBJC_WEAK = YES;
				CLANG_WARN_BLOCK_CAPTURE_AUTORELEASING = YES;
				CLANG_WARN_BOOL_CONVERSION = YES;
				CLANG_WARN_COMMA = YES;
				CLANG_WARN_CONSTANT_CONVERSION = YES;
				CLANG_WARN_DEPRECATED_OBJC_IMPLEMENTATIONS = YES;
				CLANG_WARN_DIRECT_OBJC_ISA_USAGE = YES_ERROR;
				CLANG_WARN_DOCUMENTATION_COMMENTS = YES;
				CLANG_WARN_EMPTY_BODY = YES;
				CLANG_WARN_ENUM_CONVERSION = YES;
				CLANG_WARN_INFINITE_RECURSION = YES;
				CLANG_WARN_INT_CONVERSION = YES;
				CLANG_WARN_NON_LITERAL_NULL_CONVERSION = YES;
				CLANG_WARN_OBJC_IMPLICIT_RETAIN_SELF = YES;
				CLANG_WARN_OBJC_LITERAL_CONVERSION = YES;
				CLANG_WARN_OBJC_ROOT_CLASS = YES_ERROR;
				CLANG_WARN_QUOTED_INCLUDE_IN_FRAMEWORK_HEADER = YES;
				CLANG_WARN_RANGE_LOOP_ANALYSIS = YES;
				CLANG_WARN_STRICT_PROTOTYPES = YES;
				CLANG_WARN_SUSPICIOUS_MOVE = YES;
				CLANG_WARN_UNGUARDED_AVAILABILITY = YES_AGGRESSIVE;
				CLANG_WARN_UNREACHABLE_CODE = YES;
				CLANG_WARN__DUPLICATE_METHOD_MATCH = YES;
				COPY_PHASE_STRIP = NO;
				DEBUG_INFORMATION_FORMAT = "dwarf-with-dsym";
				ENABLE_NS_ASSERTIONS = NO;
				ENABLE_STRICT_OBJC_MSGSEND = YES;
				GCC_C_LANGUAGE_STANDARD = gnu11;
				GCC_NO_COMMON_BLOCKS = YES;
				GCC_WARN_64_TO_32_BIT_CONVERSION = YES;
				GCC_WARN_ABOUT_RETURN_TYPE = YES_ERROR;
				GCC_WARN_UNDECLARED_SELECTOR = YES;
				GCC_WARN_UNINITIALIZED_AUTOS = YES_AGGRESSIVE;
				GCC_WARN_UNUSED_FUNCTION = YES;
				GCC_WARN_UNUSED_VARIABLE = YES;
				IPHONEOS_DEPLOYMENT_TARGET = 14.3;
				MTL_ENABLE_DEBUG_INFO = NO;
				MTL_FAST_MATH = YES;
				SDKROOT = iphoneos;
				SWIFT_COMPILATION_MODE = wholemodule;
				SWIFT_OPTIMIZATION_LEVEL = "-O";
				VALIDATE_PRODUCT = YES;
			};
			name = Release;
		};
		C359CC2A25B50E0300EF7DAF /* Debug */ = {
			isa = XCBuildConfiguration;
			buildSettings = {
				ASSETCATALOG_COMPILER_APPICON_NAME = AppIcon;
				ASSETCATALOG_COMPILER_GLOBAL_ACCENT_COLOR_NAME = AccentColor;
				CODE_SIGN_STYLE = Automatic;
				INFOPLIST_FILE = CSTabBar/Info.plist;
				LD_RUNPATH_SEARCH_PATHS = (
					"$(inherited)",
					"@executable_path/Frameworks",
				);
				PRODUCT_BUNDLE_IDENTIFIER = young.CSTabBar;
				PRODUCT_NAME = "$(TARGET_NAME)";
				SWIFT_VERSION = 5.0;
				TARGETED_DEVICE_FAMILY = "1,2";
			};
			name = Debug;
		};
		C359CC2B25B50E0300EF7DAF /* Release */ = {
			isa = XCBuildConfiguration;
			buildSettings = {
				ASSETCATALOG_COMPILER_APPICON_NAME = AppIcon;
				ASSETCATALOG_COMPILER_GLOBAL_ACCENT_COLOR_NAME = AccentColor;
				CODE_SIGN_STYLE = Automatic;
				INFOPLIST_FILE = CSTabBar/Info.plist;
				LD_RUNPATH_SEARCH_PATHS = (
					"$(inherited)",
					"@executable_path/Frameworks",
				);
				PRODUCT_BUNDLE_IDENTIFIER = young.CSTabBar;
				PRODUCT_NAME = "$(TARGET_NAME)";
				SWIFT_VERSION = 5.0;
				TARGETED_DEVICE_FAMILY = "1,2";
			};
			name = Release;
		};
/* End XCBuildConfiguration section */

/* Begin XCConfigurationList section */
		C359CC1025B50E0200EF7DAF /* Build configuration list for PBXProject "CSTabBar" */ = {
			isa = XCConfigurationList;
			buildConfigurations = (
				C359CC2725B50E0300EF7DAF /* Debug */,
				C359CC2825B50E0300EF7DAF /* Release */,
			);
			defaultConfigurationIsVisible = 0;
			defaultConfigurationName = Release;
		};
		C359CC2925B50E0300EF7DAF /* Build configuration list for PBXNativeTarget "CSTabBar" */ = {
			isa = XCConfigurationList;
			buildConfigurations = (
				C359CC2A25B50E0300EF7DAF /* Debug */,
				C359CC2B25B50E0300EF7DAF /* Release */,
			);
			defaultConfigurationIsVisible = 0;
			defaultConfigurationName = Release;
		};
/* End XCConfigurationList section */
	};
	rootObject = C359CC0D25B50E0200EF7DAF /* Project object */;
}
